# This file is generated by running "yarn install" inside your project.
# Manual changes might be lost - proceed with caution!

__metadata:
  version: 8
  cacheKey: 10c0

"@next/env@npm:12.3.4":
  version: 12.3.4
  resolution: "@next/env@npm:12.3.4"
  checksum: 69d372906d54691e032b5d7481d56bc03698fe5a03ed76952e53236ae34b0e3a09b0e098dc1b1bfc4d7588b158392dc500888dbb01413883727adf9e0aec894b
  languageName: node
  linkType: hard

"@next/swc-android-arm-eabi@npm:12.3.4":
  version: 12.3.4
  resolution: "@next/swc-android-arm-eabi@npm:12.3.4"
  conditions: os=android & cpu=arm
  languageName: node
  linkType: hard

"@next/swc-android-arm64@npm:12.3.4":
  version: 12.3.4
  resolution: "@next/swc-android-arm64@npm:12.3.4"
  conditions: os=android & cpu=arm64
  languageName: node
  linkType: hard

"@next/swc-darwin-arm64@npm:12.3.4":
  version: 12.3.4
  resolution: "@next/swc-darwin-arm64@npm:12.3.4"
  conditions: os=darwin & cpu=arm64
  languageName: node
  linkType: hard

"@next/swc-darwin-x64@npm:12.3.4":
  version: 12.3.4
  resolution: "@next/swc-darwin-x64@npm:12.3.4"
  conditions: os=darwin & cpu=x64
  languageName: node
  linkType: hard

"@next/swc-freebsd-x64@npm:12.3.4":
  version: 12.3.4
  resolution: "@next/swc-freebsd-x64@npm:12.3.4"
  conditions: os=freebsd & cpu=x64
  languageName: node
  linkType: hard

"@next/swc-linux-arm-gnueabihf@npm:12.3.4":
  version: 12.3.4
  resolution: "@next/swc-linux-arm-gnueabihf@npm:12.3.4"
  conditions: os=linux & cpu=arm
  languageName: node
  linkType: hard

"@next/swc-linux-arm64-gnu@npm:12.3.4":
  version: 12.3.4
  resolution: "@next/swc-linux-arm64-gnu@npm:12.3.4"
  conditions: os=linux & cpu=arm64 & libc=glibc
  languageName: node
  linkType: hard

"@next/swc-linux-arm64-musl@npm:12.3.4":
  version: 12.3.4
  resolution: "@next/swc-linux-arm64-musl@npm:12.3.4"
  conditions: os=linux & cpu=arm64 & libc=musl
  languageName: node
  linkType: hard

"@next/swc-linux-x64-gnu@npm:12.3.4":
  version: 12.3.4
  resolution: "@next/swc-linux-x64-gnu@npm:12.3.4"
  conditions: os=linux & cpu=x64 & libc=glibc
  languageName: node
  linkType: hard

"@next/swc-linux-x64-musl@npm:12.3.4":
  version: 12.3.4
  resolution: "@next/swc-linux-x64-musl@npm:12.3.4"
  conditions: os=linux & cpu=x64 & libc=musl
  languageName: node
  linkType: hard

"@next/swc-win32-arm64-msvc@npm:12.3.4":
  version: 12.3.4
  resolution: "@next/swc-win32-arm64-msvc@npm:12.3.4"
  conditions: os=win32 & cpu=arm64
  languageName: node
  linkType: hard

"@next/swc-win32-ia32-msvc@npm:12.3.4":
  version: 12.3.4
  resolution: "@next/swc-win32-ia32-msvc@npm:12.3.4"
  conditions: os=win32 & cpu=ia32
  languageName: node
  linkType: hard

"@next/swc-win32-x64-msvc@npm:12.3.4":
  version: 12.3.4
  resolution: "@next/swc-win32-x64-msvc@npm:12.3.4"
  conditions: os=win32 & cpu=x64
  languageName: node
  linkType: hard

"@swc/helpers@npm:0.4.11":
  version: 0.4.11
  resolution: "@swc/helpers@npm:0.4.11"
  dependencies:
    tslib: "npm:^2.4.0"
  checksum: 8806dda1f3cc243d80b1270405142563ed425350f9f4c7cfdd84967ead094878a3135b7ca1185052af0faef99982e57bb22e7f5fa80f1e9a3dab20e9e1051dfc
  languageName: node
  linkType: hard

"caniuse-lite@npm:^1.0.30001406":
  version: 1.0.30001579
  resolution: "caniuse-lite@npm:1.0.30001579"
  checksum: 4003970f8d01a5fa314e39f4a21751dc750a530f3d19aed225e18e8e02892b590b8b0debfa0961eae9bc0e49b77bfb17cf30d2469540e428a8305e3cc9164fb8
  languageName: node
  linkType: hard

"enhanced-resolve@npm:^5.10.0":
  version: 5.15.0
  resolution: "enhanced-resolve@npm:5.15.0"
  dependencies:
    graceful-fs: "npm:^4.2.4"
    tapable: "npm:^2.2.0"
  checksum: 69984a7990913948b4150855aed26a84afb4cb1c5a94fb8e3a65bd00729a73fc2eaff6871fb8e345377f294831afe349615c93560f2f54d61b43cdfdf668f19a
  languageName: node
  linkType: hard

"escalade@npm:^3.1.1":
  version: 3.1.1
  resolution: "escalade@npm:3.1.1"
  checksum: afd02e6ca91ffa813e1108b5e7756566173d6bc0d1eb951cb44d6b21702ec17c1cf116cfe75d4a2b02e05acb0b808a7a9387d0d1ca5cf9c04ad03a8445c3e46d
  languageName: node
  linkType: hard

"graceful-fs@npm:^4.2.4":
  version: 4.2.11
  resolution: "graceful-fs@npm:4.2.11"
  checksum: 386d011a553e02bc594ac2ca0bd6d9e4c22d7fa8cfbfc448a6d148c59ea881b092db9dbe3547ae4b88e55f1b01f7c4a2ecc53b310c042793e63aa44cf6c257f2
  languageName: node
  linkType: hard

"js-tokens@npm:^3.0.0 || ^4.0.0":
  version: 4.0.0
  resolution: "js-tokens@npm:4.0.0"
  checksum: e248708d377aa058eacf2037b07ded847790e6de892bbad3dac0abba2e759cb9f121b00099a65195616badcb6eca8d14d975cb3e89eb1cfda644756402c8aeed
  languageName: node
  linkType: hard

"loose-envify@npm:^1.1.0":
  version: 1.4.0
  resolution: "loose-envify@npm:1.4.0"
  dependencies:
    js-tokens: "npm:^3.0.0 || ^4.0.0"
  bin:
    loose-envify: cli.js
  checksum: 655d110220983c1a4b9c0c679a2e8016d4b67f6e9c7b5435ff5979ecdb20d0813f4dec0a08674fcbdd4846a3f07edbb50a36811fd37930b94aaa0d9daceb017e
  languageName: node
  linkType: hard

"nanoid@npm:^3.3.4":
  version: 3.3.7
  resolution: "nanoid@npm:3.3.7"
  bin:
    nanoid: bin/nanoid.cjs
  checksum: e3fb661aa083454f40500473bb69eedb85dc160e763150b9a2c567c7e9ff560ce028a9f833123b618a6ea742e311138b591910e795614a629029e86e180660f3
  languageName: node
  linkType: hard

"next-locale-redirect-bug@workspace:.":
  version: 0.0.0-use.local
  resolution: "next-locale-redirect-bug@workspace:."
  dependencies:
    next: "npm:^12"
    next-translate: "npm:^2.6.2"
    next-translate-plugin: "npm:^2"
    next-transpile-modules: "npm:^9.0.0"
    react: "npm:^18.2.0"
    react-dom: "npm:^18.2.0"
  languageName: unknown
  linkType: soft

"next-translate-plugin@npm:^2":
  version: 2.6.2
  resolution: "next-translate-plugin@npm:2.6.2"
  dependencies:
    typescript: "npm:4.5.2"
  peerDependencies:
    next-translate: ">= 2.4.1"
  checksum: 7b4e4d5fac1342d5150ec909a45a3f46fb4f36fc7b7a6a35bcda83d77f78c7c6260c382b2ac52badf63666db1dc354ee63adcc7e2a06d813f604f58e2b7b1016
  languageName: node
  linkType: hard

"next-translate@npm:^2.6.2":
  version: 2.6.2
  resolution: "next-translate@npm:2.6.2"
  peerDependencies:
    next: ">= 13.2.5"
    react: ">= 18.0.0"
  checksum: 6cc61dd41c44cfd695508ba7c0342029b5e9b3617c8633edb64bac0b02852b5589f84861f6f388dc6d0074fa552b2dcc6f56a70cb2a9022ebacf0e66f8e6ed1a
  languageName: node
  linkType: hard

"next-transpile-modules@npm:^9.0.0":
  version: 9.1.0
  resolution: "next-transpile-modules@npm:9.1.0"
  dependencies:
    enhanced-resolve: "npm:^5.10.0"
    escalade: "npm:^3.1.1"
  checksum: 608eee019f9758ad4ee6491872be6c336d23972ee0691850b7004a512d2a7093d88ff292002a19d5e7eea469f40a582e56fb2f74d6a3f3f29e452ae56117404c
  languageName: node
  linkType: hard

"next@npm:^12":
  version: 12.3.4
  resolution: "next@npm:12.3.4"
  dependencies:
    "@next/env": "npm:12.3.4"
    "@next/swc-android-arm-eabi": "npm:12.3.4"
    "@next/swc-android-arm64": "npm:12.3.4"
    "@next/swc-darwin-arm64": "npm:12.3.4"
    "@next/swc-darwin-x64": "npm:12.3.4"
    "@next/swc-freebsd-x64": "npm:12.3.4"
    "@next/swc-linux-arm-gnueabihf": "npm:12.3.4"
    "@next/swc-linux-arm64-gnu": "npm:12.3.4"
    "@next/swc-linux-arm64-musl": "npm:12.3.4"
    "@next/swc-linux-x64-gnu": "npm:12.3.4"
    "@next/swc-linux-x64-musl": "npm:12.3.4"
    "@next/swc-win32-arm64-msvc": "npm:12.3.4"
    "@next/swc-win32-ia32-msvc": "npm:12.3.4"
    "@next/swc-win32-x64-msvc": "npm:12.3.4"
    "@swc/helpers": "npm:0.4.11"
    caniuse-lite: "npm:^1.0.30001406"
    postcss: "npm:8.4.14"
    styled-jsx: "npm:5.0.7"
    use-sync-external-store: "npm:1.2.0"
  peerDependencies:
    fibers: ">= 3.1.0"
    node-sass: ^6.0.0 || ^7.0.0
    react: ^17.0.2 || ^18.0.0-0
    react-dom: ^17.0.2 || ^18.0.0-0
    sass: ^1.3.0
  dependenciesMeta:
    "@next/swc-android-arm-eabi":
      optional: true
    "@next/swc-android-arm64":
      optional: true
    "@next/swc-darwin-arm64":
      optional: true
    "@next/swc-darwin-x64":
      optional: true
    "@next/swc-freebsd-x64":
      optional: true
    "@next/swc-linux-arm-gnueabihf":
      optional: true
    "@next/swc-linux-arm64-gnu":
      optional: true
    "@next/swc-linux-arm64-musl":
      optional: true
    "@next/swc-linux-x64-gnu":
      optional: true
    "@next/swc-linux-x64-musl":
      optional: true
    "@next/swc-win32-arm64-msvc":
      optional: true
    "@next/swc-win32-ia32-msvc":
      optional: true
    "@next/swc-win32-x64-msvc":
      optional: true
  peerDependenciesMeta:
    fibers:
      optional: true
    node-sass:
      optional: true
    sass:
      optional: true
  bin:
    next: dist/bin/next
  checksum: b802fcaa8a184ed73419f0be36b18394e6898be059c5a9bda637ff8ad0a411b85588a323cc33147ed19f89038d00c43fbfdc99adba5f88e1d3d96f34141ae323
  languageName: node
  linkType: hard

"picocolors@npm:^1.0.0":
  version: 1.0.0
  resolution: "picocolors@npm:1.0.0"
  checksum: 20a5b249e331c14479d94ec6817a182fd7a5680debae82705747b2db7ec50009a5f6648d0621c561b0572703f84dbef0858abcbd5856d3c5511426afcb1961f7
  languageName: node
  linkType: hard

"postcss@npm:8.4.14":
  version: 8.4.14
  resolution: "postcss@npm:8.4.14"
  dependencies:
    nanoid: "npm:^3.3.4"
    picocolors: "npm:^1.0.0"
    source-map-js: "npm:^1.0.2"
  checksum: 2a4cfa28e2f1bfd358313501f7771bd596e494487c7b735c492e2f8b1faf493d24fcb43e2e6ad825863fc65a77abb949ca8f228602ae46a022f02dc812c4ac8b
  languageName: node
  linkType: hard

"react-dom@npm:^18.2.0":
  version: 18.2.0
  resolution: "react-dom@npm:18.2.0"
  dependencies:
    loose-envify: "npm:^1.1.0"
    scheduler: "npm:^0.23.0"
  peerDependencies:
    react: ^18.2.0
  checksum: 66dfc5f93e13d0674e78ef41f92ed21dfb80f9c4ac4ac25a4b51046d41d4d2186abc915b897f69d3d0ebbffe6184e7c5876f2af26bfa956f179225d921be713a
  languageName: node
  linkType: hard

"react@npm:^18.2.0":
  version: 18.2.0
  resolution: "react@npm:18.2.0"
  dependencies:
    loose-envify: "npm:^1.1.0"
  checksum: b562d9b569b0cb315e44b48099f7712283d93df36b19a39a67c254c6686479d3980b7f013dc931f4a5a3ae7645eae6386b4aa5eea933baa54ecd0f9acb0902b8
  languageName: node
  linkType: hard

"scheduler@npm:^0.23.0":
  version: 0.23.0
  resolution: "scheduler@npm:0.23.0"
  dependencies:
    loose-envify: "npm:^1.1.0"
  checksum: b777f7ca0115e6d93e126ac490dbd82642d14983b3079f58f35519d992fa46260be7d6e6cede433a92db70306310c6f5f06e144f0e40c484199e09c1f7be53dd
  languageName: node
  linkType: hard

"source-map-js@npm:^1.0.2":
  version: 1.0.2
  resolution: "source-map-js@npm:1.0.2"
  checksum: 32f2dfd1e9b7168f9a9715eb1b4e21905850f3b50cf02cf476e47e4eebe8e6b762b63a64357896aa29b37e24922b4282df0f492e0d2ace572b43d15525976ff8
  languageName: node
  linkType: hard

"styled-jsx@npm:5.0.7":
  version: 5.0.7
  resolution: "styled-jsx@npm:5.0.7"
  peerDependencies:
    react: ">= 16.8.0 || 17.x.x || ^18.0.0-0"
  peerDependenciesMeta:
    "@babel/core":
      optional: true
    babel-plugin-macros:
      optional: true
  checksum: eb6f388c7611468bb0ba48ecb0d0b269de4a0079ebeea56c5157552a414f00d575bfa1c37dd07eed5bff6547462b496f12b448dedeca386f778f1ccb2cf8b4ef
  languageName: node
  linkType: hard

"tapable@npm:^2.2.0":
  version: 2.2.1
  resolution: "tapable@npm:2.2.1"
  checksum: bc40e6efe1e554d075469cedaba69a30eeb373552aaf41caeaaa45bf56ffacc2674261b106245bd566b35d8f3329b52d838e851ee0a852120acae26e622925c9
  languageName: node
  linkType: hard

"tslib@npm:^2.4.0":
  version: 2.6.2
  resolution: "tslib@npm:2.6.2"
  checksum: e03a8a4271152c8b26604ed45535954c0a45296e32445b4b87f8a5abdb2421f40b59b4ca437c4346af0f28179780d604094eb64546bee2019d903d01c6c19bdb
  languageName: node
  linkType: hard

"typescript@npm:4.5.2":
  version: 4.5.2
  resolution: "typescript@npm:4.5.2"
  bin:
    tsc: bin/tsc
    tsserver: bin/tsserver
  checksum: 8fc40b886018889ad2099cb1b477c4f0373528c9fca83860ad33e898fe19ada22568477aca91741fbeabf0402e203f0e2d6d14ed6973ad826893cc13b2dfd459
  languageName: node
  linkType: hard

"typescript@patch:typescript@npm%3A4.5.2#optional!builtin<compat/typescript>":
  version: 4.5.2
  resolution: "typescript@patch:typescript@npm%3A4.5.2#optional!builtin<compat/typescript>::version=4.5.2&hash=bcec9a"
  bin:
    tsc: bin/tsc
    tsserver: bin/tsserver
  checksum: 90eaf5227b6a755da1a77665b24b958a8bc79b12b435c4254255ceada6ac6eb7905678b37c23c4f63a298b7ed6bee8fc87df78b98d0b0e7f0e30e873334121fd
  languageName: node
  linkType: hard

"use-sync-external-store@npm:1.2.0":
  version: 1.2.0
  resolution: "use-sync-external-store@npm:1.2.0"
  peerDependencies:
    react: ^16.8.0 || ^17.0.0 || ^18.0.0
  checksum: ac4814e5592524f242921157e791b022efe36e451fe0d4fd4d204322d5433a4fc300d63b0ade5185f8e0735ded044c70bcf6d2352db0f74d097a238cebd2da02
  languageName: node
  linkType: hard
